lockfileVersion: '6.0'

settings:
  autoInstallPeers: true
  excludeLinksFromLockfile: false

dependencies:
  csv-parse:
    specifier: ^5.5.6
    version: 5.5.6

packages:

  /csv-parse@5.5.6:
    resolution: {integrity: sha512-uNpm30m/AGSkLxxy7d9yRXpJQFrZzVWLFBkS+6ngPcZkw/5k3L/jjFuj7tVnEpRn+QgmiXr21nDlhCiUK4ij2A==}
    dev: false
