lockfileVersion: '6.0'

settings:
  autoInstallPeers: true
  excludeLinksFromLockfile: false

dependencies:
  caf:
    specifier: ^15.0.1
    version: 15.0.1

packages:

  /caf@15.0.1:
    resolution: {integrity: sha512-Xp/IK6vMwujxWZXra7djdYzPdPnEQKa7Mudu2wZgDQ3TJry1I0TgtjEgwZHpoBcMp68j4fb0/FZ1SJyMEgJrXQ==}
    dev: false
